// !$*UTF8*$!
{
	archiveVersion = 1;
	classes = {
	};
	objectVersion = 56;
	objects = {

/* Begin PBXBuildFile section */
		2B9AB9D12B6DA944004B4AFD /* myQuizApp.swift in Sources */ = {isa = PBXBuildFile; fileRef = 2B9AB9D02B6DA944004B4AFD /* myQuizApp.swift */; };
		2B9AB9D32B6DA944004B4AFD /* myQuizAppUI.swift in Sources */ = {isa = PBXBuildFile; fileRef = 2B9AB9D22B6DA944004B4AFD /* myQuizAppUI.swift */; };
		2B9AB9D52B6DA947004B4AFD /* Assets.xcassets in Resources */ = {isa = PBXBuildFile; fileRef = 2B9AB9D42B6DA947004B4AFD /* Assets.xcassets */; };
		2B9AB9D82B6DA947004B4AFD /* Preview Assets.xcassets in Resources */ = {isa = PBXBuildFile; fileRef = 2B9AB9D72B6DA947004B4AFD /* Preview Assets.xcassets */; };
		2B9AB9E22B6DA947004B4AFD /* myQuizTests.swift in Sources */ = {isa = PBXBuildFile; fileRef = 2B9AB9E12B6DA947004B4AFD /* myQuizTests.swift */; };
		2B9AB9EC2B6DA947004B4AFD /* myQuizUITests.swift in Sources */ = {isa = PBXBuildFile; fileRef = 2B9AB9EB2B6DA947004B4AFD /* myQuizUITests.swift */; };
		2B9AB9EE2B6DA947004B4AFD /* myQuizUITestsLaunchTests.swift in Sources */ = {isa = PBXBuildFile; fileRef = 2B9AB9ED2B6DA947004B4AFD /* myQuizUITestsLaunchTests.swift */; };
		2B9AB9FB2B6DA9F6004B4AFD /* QuizViewModel.swift in Sources */ = {isa = PBXBuildFile; fileRef = 2B9AB9FA2B6DA9F6004B4AFD /* QuizViewModel.swift */; };
		2BC85C3E2B6F1F50002A6281 /* myQuizModel.swift in Sources */ = {isa = PBXBuildFile; fileRef = 2BC85C3D2B6F1F50002A6281 /* myQuizModel.swift */; };
/* End PBXBuildFile section */

/* Begin PBXContainerItemProxy section */
		2B9AB9DE2B6DA947004B4AFD /* PBXContainerItemProxy */ = {
			isa = PBXContainerItemProxy;
			containerPortal = 2B9AB9C52B6DA944004B4AFD /* Project object */;
			proxyType = 1;
			remoteGlobalIDString = 2B9AB9CC2B6DA944004B4AFD;
			remoteInfo = myQuiz;
		};
		2B9AB9E82B6DA947004B4AFD /* PBXContainerItemProxy */ = {
			isa = PBXContainerItemProxy;
			containerPortal = 2B9AB9C52B6DA944004B4AFD /* Project object */;
			proxyType = 1;
			remoteGlobalIDString = 2B9AB9CC2B6DA944004B4AFD;
			remoteInfo = myQuiz;
		};
/* End PBXContainerItemProxy section */

/* Begin PBXFileReference section */
		2B9AB9CD2B6DA944004B4AFD /* myQuiz.app */ = {isa = PBXFileReference; explicitFileType = wrapper.application; includeInIndex = 0; path = myQuiz.app; sourceTree = BUILT_PRODUCTS_DIR; };
		2B9AB9D02B6DA944004B4AFD /* myQuizApp.swift */ = {isa = PBXFileReference; lastKnownFileType = sourcecode.swift; path = myQuizApp.swift; sourceTree = "<group>"; };
		2B9AB9D22B6DA944004B4AFD /* myQuizAppUI.swift */ = {isa = PBXFileReference; lastKnownFileType = sourcecode.swift; path = myQuizAppUI.swift; sourceTree = "<group>"; };
		2B9AB9D42B6DA947004B4AFD /* Assets.xcassets */ = {isa = PBXFileReference; lastKnownFileType = folder.assetcatalog; path = Assets.xcassets; sourceTree = "<group>"; };
		2B9AB9D72B6DA947004B4AFD /* Preview Assets.xcassets */ = {isa = PBXFileReference; lastKnownFileType = folder.assetcatalog; path = "Preview Assets.xcassets"; sourceTree = "<group>"; };
		2B9AB9DD2B6DA947004B4AFD /* myQuizTests.xctest */ = {isa = PBXFileReference; explicitFileType = wrapper.cfbundle; includeInIndex = 0; path = myQuizTests.xctest; sourceTree = BUILT_PRODUCTS_DIR; };
		2B9AB9E12B6DA947004B4AFD /* myQuizTests.swift */ = {isa = PBXFileReference; lastKnownFileType = sourcecode.swift; path = myQuizTests.swift; sourceTree = "<group>"; };
		2B9AB9E72B6DA947004B4AFD /* myQuizUITests.xctest */ = {isa = PBXFileReference; explicitFileType = wrapper.cfbundle; includeInIndex = 0; path = myQuizUITests.xctest; sourceTree = BUILT_PRODUCTS_DIR; };
		2B9AB9EB2B6DA947004B4AFD /* myQuizUITests.swift */ = {isa = PBXFileReference; lastKnownFileType = sourcecode.swift; path = myQuizUITests.swift; sourceTree = "<group>"; };
		2B9AB9ED2B6DA947004B4AFD /* myQuizUITestsLaunchTests.swift */ = {isa = PBXFileReference; lastKnownFileType = sourcecode.swift; path = myQuizUITestsLaunchTests.swift; sourceTree = "<group>"; };
		2B9AB9FA2B6DA9F6004B4AFD /* QuizViewModel.swift */ = {isa = PBXFileReference; lastKnownFileType = sourcecode.swift; path = QuizViewModel.swift; sourceTree = "<group>"; };
		2BC85C3D2B6F1F50002A6281 /* myQuizModel.swift */ = {isa = PBXFileReference; lastKnownFileType = sourcecode.swift; path = myQuizModel.swift; sourceTree = "<group>"; };
/* End PBXFileReference section */

/* Begin PBXFrameworksBuildPhase section */
		2B9AB9CA2B6DA944004B4AFD /* Frameworks */ = {
			isa = PBXFrameworksBuildPhase;
			buildActionMask = 2147483647;
			files = (
			);
			runOnlyForDeploymentPostprocessing = 0;
		};
		2B9AB9DA2B6DA947004B4AFD /* Frameworks */ = {
			isa = PBXFrameworksBuildPhase;
			buildActionMask = 2147483647;
			files = (
			);
			runOnlyForDeploymentPostprocessing = 0;
		};
		2B9AB9E42B6DA947004B4AFD /* Frameworks */ = {
			isa = PBXFrameworksBuildPhase;
			buildActionMask = 2147483647;
			files = (
			);
			runOnlyForDeploymentPostprocessing = 0;
		};
/* End PBXFrameworksBuildPhase section */

/* Begin PBXGroup section */
		2B9AB9C42B6DA944004B4AFD = {
			isa = PBXGroup;
			children = (
				2B9AB9CF2B6DA944004B4AFD /* myQuiz */,
				2B9AB9E02B6DA947004B4AFD /* myQuizTests */,
				2B9AB9EA2B6DA947004B4AFD /* myQuizUITests */,
				2B9AB9CE2B6DA944004B4AFD /* Products */,
			);
			sourceTree = "<group>";
		};
		2B9AB9CE2B6DA944004B4AFD /* Products */ = {
			isa = PBXGroup;
			children = (
				2B9AB9CD2B6DA944004B4AFD /* myQuiz.app */,
				2B9AB9DD2B6DA947004B4AFD /* myQuizTests.xctest */,
				2B9AB9E72B6DA947004B4AFD /* myQuizUITests.xctest */,
			);
			name = Products;
			sourceTree = "<group>";
		};
		2B9AB9CF2B6DA944004B4AFD /* myQuiz */ = {
			isa = PBXGroup;
			children = (
				2BC85C3D2B6F1F50002A6281 /* myQuizModel.swift */,
				2B9AB9D02B6DA944004B4AFD /* myQuizApp.swift */,
				2B9AB9FA2B6DA9F6004B4AFD /* QuizViewModel.swift */,
				2B9AB9D22B6DA944004B4AFD /* myQuizAppUI.swift */,
				2B9AB9D42B6DA947004B4AFD /* Assets.xcassets */,
				2B9AB9D62B6DA947004B4AFD /* Preview Content */,
			);
			path = myQuiz;
			sourceTree = "<group>";
		};
		2B9AB9D62B6DA947004B4AFD /* Preview Content */ = {
			isa = PBXGroup;
			children = (
				2B9AB9D72B6DA947004B4AFD /* Preview Assets.xcassets */,
			);
			path = "Preview Content";
			sourceTree = "<group>";
		};
		2B9AB9E02B6DA947004B4AFD /* myQuizTests */ = {
			isa = PBXGroup;
			children = (
				2B9AB9E12B6DA947004B4AFD /* myQuizTests.swift */,
			);
			path = myQuizTests;
			sourceTree = "<group>";
		};
		2B9AB9EA2B6DA947004B4AFD /* myQuizUITests */ = {
			isa = PBXGroup;
			children = (
				2B9AB9EB2B6DA947004B4AFD /* myQuizUITests.swift */,
				2B9AB9ED2B6DA947004B4AFD /* myQuizUITestsLaunchTests.swift */,
			);
			path = myQuizUITests;
			sourceTree = "<group>";
		};
/* End PBXGroup section */

/* Begin PBXNativeTarget section */
		2B9AB9CC2B6DA944004B4AFD /* myQuiz */ = {
			isa = PBXNativeTarget;
			buildConfigurationList = 2B9AB9F12B6DA947004B4AFD /* Build configuration list for PBXNativeTarget "myQuiz" */;
			buildPhases = (
				2B9AB9C92B6DA944004B4AFD /* Sources */,
				2B9AB9CA2B6DA944004B4AFD /* Frameworks */,
				2B9AB9CB2B6DA944004B4AFD /* Resources */,
			);
			buildRules = (
			);
			dependencies = (
			);
			name = myQuiz;
			productName = myQuiz;
			productReference = 2B9AB9CD2B6DA944004B4AFD /* myQuiz.app */;
			productType = "com.apple.product-type.application";
		};
		2B9AB9DC2B6DA947004B4AFD /* myQuizTests */ = {
			isa = PBXNativeTarget;
			buildConfigurationList = 2B9AB9F42B6DA947004B4AFD /* Build configuration list for PBXNativeTarget "myQuizTests" */;
			buildPhases = (
				2B9AB9D92B6DA947004B4AFD /* Sources */,
				2B9AB9DA2B6DA947004B4AFD /* Frameworks */,
				2B9AB9DB2B6DA947004B4AFD /* Resources */,
			);
			buildRules = (
			);
			dependencies = (
				2B9AB9DF2B6DA947004B4AFD /* PBXTargetDependency */,
			);
			name = myQuizTests;
			productName = myQuizTests;
			productReference = 2B9AB9DD2B6DA947004B4AFD /* myQuizTests.xctest */;
			productType = "com.apple.product-type.bundle.unit-test";
		};
		2B9AB9E62B6DA947004B4AFD /* myQuizUITests */ = {
			isa = PBXNativeTarget;
			buildConfigurationList = 2B9AB9F72B6DA947004B4AFD /* Build configuration list for PBXNativeTarget "myQuizUITests" */;
			buildPhases = (
				2B9AB9E32B6DA947004B4AFD /* Sources */,
				2B9AB9E42B6DA947004B4AFD /* Frameworks */,
				2B9AB9E52B6DA947004B4AFD /* Resources */,
			);
			buildRules = (
			);
			dependencies = (
				2B9AB9E92B6DA947004B4AFD /* PBXTargetDependency */,
			);
			name = myQuizUITests;
			productName = myQuizUITests;
			productReference = 2B9AB9E72B6DA947004B4AFD /* myQuizUITests.xctest */;
			productType = "com.apple.product-type.bundle.ui-testing";
		};
/* End PBXNativeTarget section */

/* Begin PBXProject section */
		2B9AB9C52B6DA944004B4AFD /* Project object */ = {
			isa = PBXProject;
			attributes = {
				BuildIndependentTargetsInParallel = 1;
				LastSwiftUpdateCheck = 1520;
				LastUpgradeCheck = 1520;
				TargetAttributes = {
					2B9AB9CC2B6DA944004B4AFD = {
						CreatedOnToolsVersion = 15.2;
					};
					2B9AB9DC2B6DA947004B4AFD = {
						CreatedOnToolsVersion = 15.2;
						TestTargetID = 2B9AB9CC2B6DA944004B4AFD;
					};
					2B9AB9E62B6DA947004B4AFD = {
						CreatedOnToolsVersion = 15.2;
						TestTargetID = 2B9AB9CC2B6DA944004B4AFD;
					};
				};
			};
			buildConfigurationList = 2B9AB9C82B6DA944004B4AFD /* Build configuration list for PBXProject "myQuiz" */;
			compatibilityVersion = "Xcode 14.0";
			developmentRegion = en;
			hasScannedForEncodings = 0;
			knownRegions = (
				en,
				Base,
			);
			mainGroup = 2B9AB9C42B6DA944004B4AFD;
			productRefGroup = 2B9AB9CE2B6DA944004B4AFD /* Products */;
			projectDirPath = "";
			projectRoot = "";
			targets = (
				2B9AB9CC2B6DA944004B4AFD /* myQuiz */,
				2B9AB9DC2B6DA947004B4AFD /* myQuizTests */,
				2B9AB9E62B6DA947004B4AFD /* myQuizUITests */,
			);
		};
/* End PBXProject section */

/* Begin PBXResourcesBuildPhase section */
		2B9AB9CB2B6DA944004B4AFD /* Resources */ = {
			isa = PBXResourcesBuildPhase;
			buildActionMask = 2147483647;
			files = (
				2B9AB9D82B6DA947004B4AFD /* Preview Assets.xcassets in Resources */,
				2B9AB9D52B6DA947004B4AFD /* Assets.xcassets in Resources */,
			);
			runOnlyForDeploymentPostprocessing = 0;
		};
		2B9AB9DB2B6DA947004B4AFD /* Resources */ = {
			isa = PBXResourcesBuildPhase;
			buildActionMask = 2147483647;
			files = (
			);
			runOnlyForDeploymentPostprocessing = 0;
		};
		2B9AB9E52B6DA947004B4AFD /* Resources */ = {
			isa = PBXResourcesBuildPhase;
			buildActionMask = 2147483647;
			files = (
			);
			runOnlyForDeploymentPostprocessing = 0;
		};
/* End PBXResourcesBuildPhase section */

/* Begin PBXSourcesBuildPhase section */
		2B9AB9C92B6DA944004B4AFD /* Sources */ = {
			isa = PBXSourcesBuildPhase;
			buildActionMask = 2147483647;
			files = (
				2BC85C3E2B6F1F50002A6281 /* myQuizModel.swift in Sources */,
				2B9AB9D32B6DA944004B4AFD /* myQuizAppUI.swift in Sources */,
				2B9AB9D12B6DA944004B4AFD /* myQuizApp.swift in Sources */,
				2B9AB9FB2B6DA9F6004B4AFD /* QuizViewModel.swift in Sources */,
			);
			runOnlyForDeploymentPostprocessing = 0;
		};
		2B9AB9D92B6DA947004B4AFD /* Sources */ = {
			isa = PBXSourcesBuildPhase;
			buildActionMask = 2147483647;
			files = (
				2B9AB9E22B6DA947004B4AFD /* myQuizTests.swift in Sources */,
			);
			runOnlyForDeploymentPostprocessing = 0;
		};
		2B9AB9E32B6DA947004B4AFD /* Sources */ = {
			isa = PBXSourcesBuildPhase;
			buildActionMask = 2147483647;
			files = (
				2B9AB9EC2B6DA947004B4AFD /* myQuizUITests.swift in Sources */,
				2B9AB9EE2B6DA947004B4AFD /* myQuizUITestsLaunchTests.swift in Sources */,
			);
			runOnlyForDeploymentPostprocessing = 0;
		};
/* End PBXSourcesBuildPhase section */

/* Begin PBXTargetDependency section */
		2B9AB9DF2B6DA947004B4AFD /* PBXTargetDependency */ = {
			isa = PBXTargetDependency;
			target = 2B9AB9CC2B6DA944004B4AFD /* myQuiz */;
			targetProxy = 2B9AB9DE2B6DA947004B4AFD /* PBXContainerItemProxy */;
		};
		2B9AB9E92B6DA947004B4AFD /* PBXTargetDependency */ = {
			isa = PBXTargetDependency;
			target = 2B9AB9CC2B6DA944004B4AFD /* myQuiz */;
			targetProxy = 2B9AB9E82B6DA947004B4AFD /* PBXContainerItemProxy */;
		};
/* End PBXTargetDependency section */

/* Begin XCBuildConfiguration section */
		2B9AB9EF2B6DA947004B4AFD /* Debug */ = {
			isa = XCBuildConfiguration;
			buildSettings = {
				ALWAYS_SEARCH_USER_PATHS = NO;
				ASSETCATALOG_COMPILER_GENERATE_SWIFT_ASSET_SYMBOL_EXTENSIONS = YES;
				CLANG_ANALYZER_NONNULL = YES;
				CLANG_ANALYZER_NUMBER_OBJECT_CONVERSION = YES_AGGRESSIVE;
				CLANG_CXX_LANGUAGE_STANDARD = "gnu++20";
				CLANG_ENABLE_MODULES = YES;
				CLANG_ENABLE_OBJC_ARC = YES;
				CLANG_ENABLE_OBJC_WEAK = YES;
				CLANG_WARN_BLOCK_CAPTURE_AUTORELEASING = YES;
				CLANG_WARN_BOOL_CONVERSION = YES;
				CLANG_WARN_COMMA = YES;
				CLANG_WARN_CONSTANT_CONVERSION = YES;
				CLANG_WARN_DEPRECATED_OBJC_IMPLEMENTATIONS = YES;
				CLANG_WARN_DIRECT_OBJC_ISA_USAGE = YES_ERROR;
				CLANG_WARN_DOCUMENTATION_COMMENTS = YES;
				CLANG_WARN_EMPTY_BODY = YES;
				CLANG_WARN_ENUM_CONVERSION = YES;
				CLANG_WARN_INFINITE_RECURSION = YES;
				CLANG_WARN_INT_CONVERSION = YES;
				CLANG_WARN_NON_LITERAL_NULL_CONVERSION = YES;
				CLANG_WARN_OBJC_IMPLICIT_RETAIN_SELF = YES;
				CLANG_WARN_OBJC_LITERAL_CONVERSION = YES;
				CLANG_WARN_OBJC_ROOT_CLASS = YES_ERROR;
				CLANG_WARN_QUOTED_INCLUDE_IN_FRAMEWORK_HEADER = YES;
				CLANG_WARN_RANGE_LOOP_ANALYSIS = YES;
				CLANG_WARN_STRICT_PROTOTYPES = YES;
				CLANG_WARN_SUSPICIOUS_MOVE = YES;
				CLANG_WARN_UNGUARDED_AVAILABILITY = YES_AGGRESSIVE;
				CLANG_WARN_UNREACHABLE_CODE = YES;
				CLANG_WARN__DUPLICATE_METHOD_MATCH = YES;
				COPY_PHASE_STRIP = NO;
				DEBUG_INFORMATION_FORMAT = dwarf;
				ENABLE_STRICT_OBJC_MSGSEND = YES;
				ENABLE_TESTABILITY = YES;
				ENABLE_USER_SCRIPT_SANDBOXING = YES;
				GCC_C_LANGUAGE_STANDARD = gnu17;
				GCC_DYNAMIC_NO_PIC = NO;
				GCC_NO_COMMON_BLOCKS = YES;
				GCC_OPTIMIZATION_LEVEL = 0;
				GCC_PREPROCESSOR_DEFINITIONS = (
					"DEBUG=1",
					"$(inherited)",
				);
				GCC_WARN_64_TO_32_BIT_CONVERSION = YES;
				GCC_WARN_ABOUT_RETURN_TYPE = YES_ERROR;
				GCC_WARN_UNDECLARED_SELECTOR = YES;
				GCC_WARN_UNINITIALIZED_AUTOS = YES_AGGRESSIVE;
				GCC_WARN_UNUSED_FUNCTION = YES;
				GCC_WARN_UNUSED_VARIABLE = YES;
				IPHONEOS_DEPLOYMENT_TARGET = 17.2;
				LOCALIZATION_PREFERS_STRING_CATALOGS = YES;
				MTL_ENABLE_DEBUG_INFO = INCLUDE_SOURCE;
				MTL_FAST_MATH = YES;
				ONLY_ACTIVE_ARCH = YES;
				SDKROOT = iphoneos;
				SWIFT_ACTIVE_COMPILATION_CONDITIONS = "DEBUG $(inherited)";
				SWIFT_OPTIMIZATION_LEVEL = "-Onone";
			};
			name = Debug;
		};
		2B9AB9F02B6DA947004B4AFD /* Release */ = {
			isa = XCBuildConfiguration;
			buildSettings = {
				ALWAYS_SEARCH_USER_PATHS = NO;
				ASSETCATALOG_COMPILER_GENERATE_SWIFT_ASSET_SYMBOL_EXTENSIONS = YES;
				CLANG_ANALYZER_NONNULL = YES;
				CLANG_ANALYZER_NUMBER_OBJECT_CONVERSION = YES_AGGRESSIVE;
				CLANG_CXX_LANGUAGE_STANDARD = "gnu++20";
				CLANG_ENABLE_MODULES = YES;
				CLANG_ENABLE_OBJC_ARC = YES;
				CLANG_ENABLE_OBJC_WEAK = YES;
				CLANG_WARN_BLOCK_CAPTURE_AUTORELEASING = YES;
				CLANG_WARN_BOOL_CONVERSION = YES;
				CLANG_WARN_COMMA = YES;
				CLANG_WARN_CONSTANT_CONVERSION = YES;
				CLANG_WARN_DEPRECATED_OBJC_IMPLEMENTATIONS = YES;
				CLANG_WARN_DIRECT_OBJC_ISA_USAGE = YES_ERROR;
				CLANG_WARN_DOCUMENTATION_COMMENTS = YES;
				CLANG_WARN_EMPTY_BODY = YES;
				CLANG_WARN_ENUM_CONVERSION = YES;
				CLANG_WARN_INFINITE_RECURSION = YES;
				CLANG_WARN_INT_CONVERSION = YES;
				CLANG_WARN_NON_LITERAL_NULL_CONVERSION = YES;
				CLANG_WARN_OBJC_IMPLICIT_RETAIN_SELF = YES;
				CLANG_WARN_OBJC_LITERAL_CONVERSION = YES;
				CLANG_WARN_OBJC_ROOT_CLASS = YES_ERROR;
				CLANG_WARN_QUOTED_INCLUDE_IN_FRAMEWORK_HEADER = YES;
				CLANG_WARN_RANGE_LOOP_ANALYSIS = YES;
				CLANG_WARN_STRICT_PROTOTYPES = YES;
				CLANG_WARN_SUSPICIOUS_MOVE = YES;
				CLANG_WARN_UNGUARDED_AVAILABILITY = YES_AGGRESSIVE;
				CLANG_WARN_UNREACHABLE_CODE = YES;
				CLANG_WARN__DUPLICATE_METHOD_MATCH = YES;
				COPY_PHASE_STRIP = NO;
				DEBUG_INFORMATION_FORMAT = "dwarf-with-dsym";
				ENABLE_NS_ASSERTIONS = NO;
				ENABLE_STRICT_OBJC_MSGSEND = YES;
				ENABLE_USER_SCRIPT_SANDBOXING = YES;
				GCC_C_LANGUAGE_STANDARD = gnu17;
				GCC_NO_COMMON_BLOCKS = YES;
				GCC_WARN_64_TO_32_BIT_CONVERSION = YES;
				GCC_WARN_ABOUT_RETURN_TYPE = YES_ERROR;
				GCC_WARN_UNDECLARED_SELECTOR = YES;
				GCC_WARN_UNINITIALIZED_AUTOS = YES_AGGRESSIVE;
				GCC_WARN_UNUSED_FUNCTION = YES;
				GCC_WARN_UNUSED_VARIABLE = YES;
				IPHONEOS_DEPLOYMENT_TARGET = 17.2;
				LOCALIZATION_PREFERS_STRING_CATALOGS = YES;
				MTL_ENABLE_DEBUG_INFO = NO;
				MTL_FAST_MATH = YES;
				SDKROOT = iphoneos;
				SWIFT_COMPILATION_MODE = wholemodule;
				VALIDATE_PRODUCT = YES;
			};
			name = Release;
		};
		2B9AB9F22B6DA947004B4AFD /* Debug */ = {
			isa = XCBuildConfiguration;
			buildSettings = {
				ASSETCATALOG_COMPILER_APPICON_NAME = AppIcon;
				ASSETCATALOG_COMPILER_GLOBAL_ACCENT_COLOR_NAME = AccentColor;
				CODE_SIGN_STYLE = Automatic;
				CURRENT_PROJECT_VERSION = 1;
				DEVELOPMENT_ASSET_PATHS = "\"myQuiz/Preview Content\"";
				DEVELOPMENT_TEAM = 38F7S6B7HP;
				ENABLE_PREVIEWS = YES;
				GENERATE_INFOPLIST_FILE = YES;
				INFOPLIST_KEY_UIApplicationSceneManifest_Generation = YES;
				INFOPLIST_KEY_UIApplicationSupportsIndirectInputEvents = YES;
				INFOPLIST_KEY_UILaunchScreen_Generation = YES;
				INFOPLIST_KEY_UISupportedInterfaceOrientations_iPad = "UIInterfaceOrientationPortrait UIInterfaceOrientationPortraitUpsideDown UIInterfaceOrientationLandscapeLeft UIInterfaceOrientationLandscapeRight";
				INFOPLIST_KEY_UISupportedInterfaceOrientations_iPhone = "UIInterfaceOrientationPortrait UIInterfaceOrientationLandscapeLeft UIInterfaceOrientationLandscapeRight";
				IPHONEOS_DEPLOYMENT_TARGET = 16.0;
				LD_RUNPATH_SEARCH_PATHS = (
					"$(inherited)",
					"@executable_path/Frameworks",
				);
				MARKETING_VERSION = 1.0;
				PRODUCT_BUNDLE_IDENTIFIER = syr.myQuiz;
				PRODUCT_NAME = "$(TARGET_NAME)";
				SWIFT_EMIT_LOC_STRINGS = YES;
				SWIFT_VERSION = 5.0;
				TARGETED_DEVICE_FAMILY = "1,2";
			};
			name = Debug;
		};
		2B9AB9F32B6DA947004B4AFD /* Release */ = {
			isa = XCBuildConfiguration;
			buildSettings = {
				ASSETCATALOG_COMPILER_APPICON_NAME = AppIcon;
				ASSETCATALOG_COMPILER_GLOBAL_ACCENT_COLOR_NAME = AccentColor;
				CODE_SIGN_STYLE = Automatic;
				CURRENT_PROJECT_VERSION = 1;
				DEVELOPMENT_ASSET_PATHS = "\"myQuiz/Preview Content\"";
				DEVELOPMENT_TEAM = 38F7S6B7HP;
				ENABLE_PREVIEWS = YES;
				GENERATE_INFOPLIST_FILE = YES;
				INFOPLIST_KEY_UIApplicationSceneManifest_Generation = YES;
				INFOPLIST_KEY_UIApplicationSupportsIndirectInputEvents = YES;
				INFOPLIST_KEY_UILaunchScreen_Generation = YES;
				INFOPLIST_KEY_UISupportedInterfaceOrientations_iPad = "UIInterfaceOrientationPortrait UIInterfaceOrientationPortraitUpsideDown UIInterfaceOrientationLandscapeLeft UIInterfaceOrientationLandscapeRight";
				INFOPLIST_KEY_UISupportedInterfaceOrientations_iPhone = "UIInterfaceOrientationPortrait UIInterfaceOrientationLandscapeLeft UIInterfaceOrientationLandscapeRight";
				IPHONEOS_DEPLOYMENT_TARGET = 16.0;
				LD_RUNPATH_SEARCH_PATHS = (
					"$(inherited)",
					"@executable_path/Frameworks",
				);
				MARKETING_VERSION = 1.0;
				PRODUCT_BUNDLE_IDENTIFIER = syr.myQuiz;
				PRODUCT_NAME = "$(TARGET_NAME)";
				SWIFT_EMIT_LOC_STRINGS = YES;
				SWIFT_VERSION = 5.0;
				TARGETED_DEVICE_FAMILY = "1,2";
			};
			name = Release;
		};
		2B9AB9F52B6DA947004B4AFD /* Debug */ = {
			isa = XCBuildConfiguration;
			buildSettings = {
				ALWAYS_EMBED_SWIFT_STANDARD_LIBRARIES = YES;
				BUNDLE_LOADER = "$(TEST_HOST)";
				CODE_SIGN_STYLE = Automatic;
				CURRENT_PROJECT_VERSION = 1;
				GENERATE_INFOPLIST_FILE = YES;
				IPHONEOS_DEPLOYMENT_TARGET = 17.2;
				MARKETING_VERSION = 1.0;
				PRODUCT_BUNDLE_IDENTIFIER = test.myQuizTests;
				PRODUCT_NAME = "$(TARGET_NAME)";
				SWIFT_EMIT_LOC_STRINGS = NO;
				SWIFT_VERSION = 5.0;
				TARGETED_DEVICE_FAMILY = "1,2";
				TEST_HOST = "$(BUILT_PRODUCTS_DIR)/myQuiz.app/$(BUNDLE_EXECUTABLE_FOLDER_PATH)/myQuiz";
			};
			name = Debug;
		};
		2B9AB9F62B6DA947004B4AFD /* Release */ = {
			isa = XCBuildConfiguration;
			buildSettings = {
				ALWAYS_EMBED_SWIFT_STANDARD_LIBRARIES = YES;
				BUNDLE_LOADER = "$(TEST_HOST)";
				CODE_SIGN_STYLE = Automatic;
				CURRENT_PROJECT_VERSION = 1;
				GENERATE_INFOPLIST_FILE = YES;
				IPHONEOS_DEPLOYMENT_TARGET = 17.2;
				MARKETING_VERSION = 1.0;
				PRODUCT_BUNDLE_IDENTIFIER = test.myQuizTests;
				PRODUCT_NAME = "$(TARGET_NAME)";
				SWIFT_EMIT_LOC_STRINGS = NO;
				SWIFT_VERSION = 5.0;
				TARGETED_DEVICE_FAMILY = "1,2";
				TEST_HOST = "$(BUILT_PRODUCTS_DIR)/myQuiz.app/$(BUNDLE_EXECUTABLE_FOLDER_PATH)/myQuiz";
			};
			name = Release;
		};
		2B9AB9F82B6DA947004B4AFD /* Debug */ = {
			isa = XCBuildConfiguration;
			buildSettings = {
				ALWAYS_EMBED_SWIFT_STANDARD_LIBRARIES = YES;
				CODE_SIGN_STYLE = Automatic;
				CURRENT_PROJECT_VERSION = 1;
				GENERATE_INFOPLIST_FILE = YES;
				MARKETING_VERSION = 1.0;
				PRODUCT_BUNDLE_IDENTIFIER = test.myQuizUITests;
				PRODUCT_NAME = "$(TARGET_NAME)";
				SWIFT_EMIT_LOC_STRINGS = NO;
				SWIFT_VERSION = 5.0;
				TARGETED_DEVICE_FAMILY = "1,2";
				TEST_TARGET_NAME = myQuiz;
			};
			name = Debug;
		};
		2B9AB9F92B6DA947004B4AFD /* Release */ = {
			isa = XCBuildConfiguration;
			buildSettings = {
				ALWAYS_EMBED_SWIFT_STANDARD_LIBRARIES = YES;
				CODE_SIGN_STYLE = Automatic;
				CURRENT_PROJECT_VERSION = 1;
				GENERATE_INFOPLIST_FILE = YES;
				MARKETING_VERSION = 1.0;
				PRODUCT_BUNDLE_IDENTIFIER = test.myQuizUITests;
				PRODUCT_NAME = "$(TARGET_NAME)";
				SWIFT_EMIT_LOC_STRINGS = NO;
				SWIFT_VERSION = 5.0;
				TARGETED_DEVICE_FAMILY = "1,2";
				TEST_TARGET_NAME = myQuiz;
			};
			name = Release;
		};
/* End XCBuildConfiguration section */

/* Begin XCConfigurationList section */
		2B9AB9C82B6DA944004B4AFD /* Build configuration list for PBXProject "myQuiz" */ = {
			isa = XCConfigurationList;
			buildConfigurations = (
				2B9AB9EF2B6DA947004B4AFD /* Debug */,
				2B9AB9F02B6DA947004B4AFD /* Release */,
			);
			defaultConfigurationIsVisible = 0;
			defaultConfigurationName = Release;
		};
		2B9AB9F12B6DA947004B4AFD /* Build configuration list for PBXNativeTarget "myQuiz" */ = {
			isa = XCConfigurationList;
			buildConfigurations = (
				2B9AB9F22B6DA947004B4AFD /* Debug */,
				2B9AB9F32B6DA947004B4AFD /* Release */,
			);
			defaultConfigurationIsVisible = 0;
			defaultConfigurationName = Release;
		};
		2B9AB9F42B6DA947004B4AFD /* Build configuration list for PBXNativeTarget "myQuizTests" */ = {
			isa = XCConfigurationList;
			buildConfigurations = (
				2B9AB9F52B6DA947004B4AFD /* Debug */,
				2B9AB9F62B6DA947004B4AFD /* Release */,
			);
			defaultConfigurationIsVisible = 0;
			defaultConfigurationName = Release;
		};
		2B9AB9F72B6DA947004B4AFD /* Build configuration list for PBXNativeTarget "myQuizUITests" */ = {
			isa = XCConfigurationList;
			buildConfigurations = (
				2B9AB9F82B6DA947004B4AFD /* Debug */,
				2B9AB9F92B6DA947004B4AFD /* Release */,
			);
			defaultConfigurationIsVisible = 0;
			defaultConfigurationName = Release;
		};
/* End XCConfigurationList section */
	};
	rootObject = 2B9AB9C52B6DA944004B4AFD /* Project object */;
}
